// !$*UTF8*$!
{
	archiveVersion = 1;
	classes = {
	};
	objectVersion = 46;
	objects = {

/* Begin PBXBuildFile section */
		689BFA941E52BE0000F1D0AD /* main.m in Sources */ = {isa = PBXBuildFile; fileRef = 689BFA931E52BE0000F1D0AD /* main.m */; };
		689BFA971E52BE0000F1D0AD /* AppDelegate.m in Sources */ = {isa = PBXBuildFile; fileRef = 689BFA961E52BE0000F1D0AD /* AppDelegate.m */; };
		689BFA9A1E52BE0000F1D0AD /* ViewController.m in Sources */ = {isa = PBXBuildFile; fileRef = 689BFA991E52BE0000F1D0AD /* ViewController.m */; };
		689BFA9D1E52BE0000F1D0AD /* Main.storyboard in Resources */ = {isa = PBXBuildFile; fileRef = 689BFA9B1E52BE0000F1D0AD /* Main.storyboard */; };
		689BFA9F1E52BE0000F1D0AD /* Assets.xcassets in Resources */ = {isa = PBXBuildFile; fileRef = 689BFA9E1E52BE0000F1D0AD /* Assets.xcassets */; };
		689BFAA21E52BE0000F1D0AD /* LaunchScreen.storyboard in Resources */ = {isa = PBXBuildFile; fileRef = 689BFAA01E52BE0000F1D0AD /* LaunchScreen.storyboard */; };
		689BFAAD1E52BE0000F1D0AD /* TouchID_DemoTests.m in Sources */ = {isa = PBXBuildFile; fileRef = 689BFAAC1E52BE0000F1D0AD /* TouchID_DemoTests.m */; };
		689BFAB81E52BE0000F1D0AD /* TouchID_DemoUITests.m in Sources */ = {isa = PBXBuildFile; fileRef = 689BFAB71E52BE0000F1D0AD /* TouchID_DemoUITests.m */; };
		689BFAC61E52BE8000F1D0AD /* LocalAuthentication.framework in Frameworks */ = {isa = PBXBuildFile; fileRef = 689BFAC51E52BE8000F1D0AD /* LocalAuthentication.framework */; };
/* End PBXBuildFile section */

/* Begin PBXContainerItemProxy section */
		689BFAA91E52BE0000F1D0AD /* PBXContainerItemProxy */ = {
			isa = PBXContainerItemProxy;
			containerPortal = 689BFA871E52BE0000F1D0AD /* Project object */;
			proxyType = 1;
			remoteGlobalIDString = 689BFA8E1E52BE0000F1D0AD;
			remoteInfo = "TouchID-Demo";
		};
		689BFAB41E52BE0000F1D0AD /* PBXContainerItemProxy */ = {
			isa = PBXContainerItemProxy;
			containerPortal = 689BFA871E52BE0000F1D0AD /* Project object */;
			proxyType = 1;
			remoteGlobalIDString = 689BFA8E1E52BE0000F1D0AD;
			remoteInfo = "TouchID-Demo";
		};
/* End PBXContainerItemProxy section */

/* Begin PBXFileReference section */
		689BFA8F1E52BE0000F1D0AD /* TouchID-Demo.app */ = {isa = PBXFileReference; explicitFileType = wrapper.application; includeInIndex = 0; path = "TouchID-Demo.app"; sourceTree = BUILT_PRODUCTS_DIR; };
		689BFA931E52BE0000F1D0AD /* main.m */ = {isa = PBXFileReference; lastKnownFileType = sourcecode.c.objc; path = main.m; sourceTree = "<group>"; };
		689BFA951E52BE0000F1D0AD /* AppDelegate.h */ = {isa = PBXFileReference; lastKnownFileType = sourcecode.c.h; path = AppDelegate.h; sourceTree = "<group>"; };
		689BFA961E52BE0000F1D0AD /* AppDelegate.m */ = {isa = PBXFileReference; lastKnownFileType = sourcecode.c.objc; path = AppDelegate.m; sourceTree = "<group>"; };
		689BFA981E52BE0000F1D0AD /* ViewController.h */ = {isa = PBXFileReference; lastKnownFileType = sourcecode.c.h; path = ViewController.h; sourceTree = "<group>"; };
		689BFA991E52BE0000F1D0AD /* ViewController.m */ = {isa = PBXFileReference; lastKnownFileType = sourcecode.c.objc; path = ViewController.m; sourceTree = "<group>"; };
		689BFA9C1E52BE0000F1D0AD /* Base */ = {isa = PBXFileReference; lastKnownFileType = file.storyboard; name = Base; path = Base.lproj/Main.storyboard; sourceTree = "<group>"; };
		689BFA9E1E52BE0000F1D0AD /* Assets.xcassets */ = {isa = PBXFileReference; lastKnownFileType = folder.assetcatalog; path = Assets.xcassets; sourceTree = "<group>"; };
		689BFAA11E52BE0000F1D0AD /* Base */ = {isa = PBXFileReference; lastKnownFileType = file.storyboard; name = Base; path = Base.lproj/LaunchScreen.storyboard; sourceTree = "<group>"; };
		689BFAA31E52BE0000F1D0AD /* Info.plist */ = {isa = PBXFileReference; lastKnownFileType = text.plist.xml; path = Info.plist; sourceTree = "<group>"; };
		689BFAA81E52BE0000F1D0AD /* TouchID-DemoTests.xctest */ = {isa = PBXFileReference; explicitFileType = wrapper.cfbundle; includeInIndex = 0; path = "TouchID-DemoTests.xctest"; sourceTree = BUILT_PRODUCTS_DIR; };
		689BFAAC1E52BE0000F1D0AD /* TouchID_DemoTests.m */ = {isa = PBXFileReference; lastKnownFileType = sourcecode.c.objc; path = TouchID_DemoTests.m; sourceTree = "<group>"; };
		689BFAAE1E52BE0000F1D0AD /* Info.plist */ = {isa = PBXFileReference; lastKnownFileType = text.plist.xml; path = Info.plist; sourceTree = "<group>"; };
		689BFAB31E52BE0000F1D0AD /* TouchID-DemoUITests.xctest */ = {isa = PBXFileReference; explicitFileType = wrapper.cfbundle; includeInIndex = 0; path = "TouchID-DemoUITests.xctest"; sourceTree = BUILT_PRODUCTS_DIR; };
		689BFAB71E52BE0000F1D0AD /* TouchID_DemoUITests.m */ = {isa = PBXFileReference; lastKnownFileType = sourcecode.c.objc; path = TouchID_DemoUITests.m; sourceTree = "<group>"; };
		689BFAB91E52BE0000F1D0AD /* Info.plist */ = {isa = PBXFileReference; lastKnownFileType = text.plist.xml; path = Info.plist; sourceTree = "<group>"; };
		689BFAC51E52BE8000F1D0AD /* LocalAuthentication.framework */ = {isa = PBXFileReference; lastKnownFileType = wrapper.framework; name = LocalAuthentication.framework; path = System/Library/Frameworks/LocalAuthentication.framework; sourceTree = SDKROOT; };
/* End PBXFileReference section */

/* Begin PBXFrameworksBuildPhase section */
		689BFA8C1E52BE0000F1D0AD /* Frameworks */ = {
			isa = PBXFrameworksBuildPhase;
			buildActionMask = 2147483647;
			files = (
				689BFAC61E52BE8000F1D0AD /* LocalAuthentication.framework in Frameworks */,
			);
			runOnlyForDeploymentPostprocessing = 0;
		};
		689BFAA51E52BE0000F1D0AD /* Frameworks */ = {
			isa = PBXFrameworksBuildPhase;
			buildActionMask = 2147483647;
			files = (
			);
			runOnlyForDeploymentPostprocessing = 0;
		};
		689BFAB01E52BE0000F1D0AD /* Frameworks */ = {
			isa = PBXFrameworksBuildPhase;
			buildActionMask = 2147483647;
			files = (
			);
			runOnlyForDeploymentPostprocessing = 0;
		};
/* End PBXFrameworksBuildPhase section */

/* Begin PBXGroup section */
		689BFA861E52BE0000F1D0AD = {
			isa = PBXGroup;
			children = (
				689BFAC51E52BE8000F1D0AD /* LocalAuthentication.framework */,
				689BFA911E52BE0000F1D0AD /* TouchID-Demo */,
				689BFAAB1E52BE0000F1D0AD /* TouchID-DemoTests */,
				689BFAB61E52BE0000F1D0AD /* TouchID-DemoUITests */,
				689BFA901E52BE0000F1D0AD /* Products */,
			);
			sourceTree = "<group>";
		};
		689BFA901E52BE0000F1D0AD /* Products */ = {
			isa = PBXGroup;
			children = (
				689BFA8F1E52BE0000F1D0AD /* TouchID-Demo.app */,
				689BFAA81E52BE0000F1D0AD /* TouchID-DemoTests.xctest */,
				689BFAB31E52BE0000F1D0AD /* TouchID-DemoUITests.xctest */,
			);
			name = Products;
			sourceTree = "<group>";
		};
		689BFA911E52BE0000F1D0AD /* TouchID-Demo */ = {
			isa = PBXGroup;
			children = (
				689BFA951E52BE0000F1D0AD /* AppDelegate.h */,
				689BFA961E52BE0000F1D0AD /* AppDelegate.m */,
				689BFA981E52BE0000F1D0AD /* ViewController.h */,
				689BFA991E52BE0000F1D0AD /* ViewController.m */,
				689BFA9B1E52BE0000F1D0AD /* Main.storyboard */,
				689BFA9E1E52BE0000F1D0AD /* Assets.xcassets */,
				689BFAA01E52BE0000F1D0AD /* LaunchScreen.storyboard */,
				689BFAA31E52BE0000F1D0AD /* Info.plist */,
				689BFA921E52BE0000F1D0AD /* Supporting Files */,
			);
			path = "TouchID-Demo";
			sourceTree = "<group>";
		};
		689BFA921E52BE0000F1D0AD /* Supporting Files */ = {
			isa = PBXGroup;
			children = (
				689BFA931E52BE0000F1D0AD /* main.m */,
			);
			name = "Supporting Files";
			sourceTree = "<group>";
		};
		689BFAAB1E52BE0000F1D0AD /* TouchID-DemoTests */ = {
			isa = PBXGroup;
			children = (
				689BFAAC1E52BE0000F1D0AD /* TouchID_DemoTests.m */,
				689BFAAE1E52BE0000F1D0AD /* Info.plist */,
			);
			path = "TouchID-DemoTests";
			sourceTree = "<group>";
		};
		689BFAB61E52BE0000F1D0AD /* TouchID-DemoUITests */ = {
			isa = PBXGroup;
			children = (
				689BFAB71E52BE0000F1D0AD /* TouchID_DemoUITests.m */,
				689BFAB91E52BE0000F1D0AD /* Info.plist */,
			);
			path = "TouchID-DemoUITests";
			sourceTree = "<group>";
		};
/* End PBXGroup section */

/* Begin PBXNativeTarget section */
		689BFA8E1E52BE0000F1D0AD /* TouchID-Demo */ = {
			isa = PBXNativeTarget;
			buildConfigurationList = 689BFABC1E52BE0000F1D0AD /* Build configuration list for PBXNativeTarget "TouchID-Demo" */;
			buildPhases = (
				689BFA8B1E52BE0000F1D0AD /* Sources */,
				689BFA8C1E52BE0000F1D0AD /* Frameworks */,
				689BFA8D1E52BE0000F1D0AD /* Resources */,
			);
			buildRules = (
			);
			dependencies = (
			);
			name = "TouchID-Demo";
			productName = "TouchID-Demo";
			productReference = 689BFA8F1E52BE0000F1D0AD /* TouchID-Demo.app */;
			productType = "com.apple.product-type.application";
		};
		689BFAA71E52BE0000F1D0AD /* TouchID-DemoTests */ = {
			isa = PBXNativeTarget;
			buildConfigurationList = 689BFABF1E52BE0000F1D0AD /* Build configuration list for PBXNativeTarget "TouchID-DemoTests" */;
			buildPhases = (
				689BFAA41E52BE0000F1D0AD /* Sources */,
				689BFAA51E52BE0000F1D0AD /* Frameworks */,
				689BFAA61E52BE0000F1D0AD /* Resources */,
			);
			buildRules = (
			);
			dependencies = (
				689BFAAA1E52BE0000F1D0AD /* PBXTargetDependency */,
			);
			name = "TouchID-DemoTests";
			productName = "TouchID-DemoTests";
			productReference = 689BFAA81E52BE0000F1D0AD /* TouchID-DemoTests.xctest */;
			productType = "com.apple.product-type.bundle.unit-test";
		};
		689BFAB21E52BE0000F1D0AD /* TouchID-DemoUITests */ = {
			isa = PBXNativeTarget;
			buildConfigurationList = 689BFAC21E52BE0000F1D0AD /* Build configuration list for PBXNativeTarget "TouchID-DemoUITests" */;
			buildPhases = (
				689BFAAF1E52BE0000F1D0AD /* Sources */,
				689BFAB01E52BE0000F1D0AD /* Frameworks */,
				689BFAB11E52BE0000F1D0AD /* Resources */,
			);
			buildRules = (
			);
			dependencies = (
				689BFAB51E52BE0000F1D0AD /* PBXTargetDependency */,
			);
			name = "TouchID-DemoUITests";
			productName = "TouchID-DemoUITests";
			productReference = 689BFAB31E52BE0000F1D0AD /* TouchID-DemoUITests.xctest */;
			productType = "com.apple.product-type.bundle.ui-testing";
		};
/* End PBXNativeTarget section */

/* Begin PBXProject section */
		689BFA871E52BE0000F1D0AD /* Project object */ = {
			isa = PBXProject;
			attributes = {
				LastUpgradeCheck = 0730;
				ORGANIZATIONNAME = lanhe;
				TargetAttributes = {
					689BFA8E1E52BE0000F1D0AD = {
						CreatedOnToolsVersion = 7.3.1;
					};
					689BFAA71E52BE0000F1D0AD = {
						CreatedOnToolsVersion = 7.3.1;
						TestTargetID = 689BFA8E1E52BE0000F1D0AD;
					};
					689BFAB21E52BE0000F1D0AD = {
						CreatedOnToolsVersion = 7.3.1;
						TestTargetID = 689BFA8E1E52BE0000F1D0AD;
					};
				};
			};
			buildConfigurationList = 689BFA8A1E52BE0000F1D0AD /* Build configuration list for PBXProject "TouchID-Demo" */;
			compatibilityVersion = "Xcode 3.2";
			developmentRegion = English;
			hasScannedForEncodings = 0;
			knownRegions = (
				en,
				Base,
			);
			mainGroup = 689BFA861E52BE0000F1D0AD;
			productRefGroup = 689BFA901E52BE0000F1D0AD /* Products */;
			projectDirPath = "";
			projectRoot = "";
			targets = (
				689BFA8E1E52BE0000F1D0AD /* TouchID-Demo */,
				689BFAA71E52BE0000F1D0AD /* TouchID-DemoTests */,
				689BFAB21E52BE0000F1D0AD /* TouchID-DemoUITests */,
			);
		};
/* End PBXProject section */

/* Begin PBXResourcesBuildPhase section */
		689BFA8D1E52BE0000F1D0AD /* Resources */ = {
			isa = PBXResourcesBuildPhase;
			buildActionMask = 2147483647;
			files = (
				689BFAA21E52BE0000F1D0AD /* LaunchScreen.storyboard in Resources */,
				689BFA9F1E52BE0000F1D0AD /* Assets.xcassets in Resources */,
				689BFA9D1E52BE0000F1D0AD /* Main.storyboard in Resources */,
			);
			runOnlyForDeploymentPostprocessing = 0;
		};
		689BFAA61E52BE0000F1D0AD /* Resources */ = {
			isa = PBXResourcesBuildPhase;
			buildActionMask = 2147483647;
			files = (
			);
			runOnlyForDeploymentPostprocessing = 0;
		};
		689BFAB11E52BE0000F1D0AD /* Resources */ = {
			isa = PBXResourcesBuildPhase;
			buildActionMask = 2147483647;
			files = (
			);
			runOnlyForDeploymentPostprocessing = 0;
		};
/* End PBXResourcesBuildPhase section */

/* Begin PBXSourcesBuildPhase section */
		689BFA8B1E52BE0000F1D0AD /* Sources */ = {
			isa = PBXSourcesBuildPhase;
			buildActionMask = 2147483647;
			files = (
				689BFA9A1E52BE0000F1D0AD /* ViewController.m in Sources */,
				689BFA971E52BE0000F1D0AD /* AppDelegate.m in Sources */,
				689BFA941E52BE0000F1D0AD /* main.m in Sources */,
			);
			runOnlyForDeploymentPostprocessing = 0;
		};
		689BFAA41E52BE0000F1D0AD /* Sources */ = {
			isa = PBXSourcesBuildPhase;
			buildActionMask = 2147483647;
			files = (
				689BFAAD1E52BE0000F1D0AD /* TouchID_DemoTests.m in Sources */,
			);
			runOnlyForDeploymentPostprocessing = 0;
		};
		689BFAAF1E52BE0000F1D0AD /* Sources */ = {
			isa = PBXSourcesBuildPhase;
			buildActionMask = 2147483647;
			files = (
				689BFAB81E52BE0000F1D0AD /* TouchID_DemoUITests.m in Sources */,
			);
			runOnlyForDeploymentPostprocessing = 0;
		};
/* End PBXSourcesBuildPhase section */

/* Begin PBXTargetDependency section */
		689BFAAA1E52BE0000F1D0AD /* PBXTargetDependency */ = {
			isa = PBXTargetDependency;
			target = 689BFA8E1E52BE0000F1D0AD /* TouchID-Demo */;
			targetProxy = 689BFAA91E52BE0000F1D0AD /* PBXContainerItemProxy */;
		};
		689BFAB51E52BE0000F1D0AD /* PBXTargetDependency */ = {
			isa = PBXTargetDependency;
			target = 689BFA8E1E52BE0000F1D0AD /* TouchID-Demo */;
			targetProxy = 689BFAB41E52BE0000F1D0AD /* PBXContainerItemProxy */;
		};
/* End PBXTargetDependency section */

/* Begin PBXVariantGroup section */
		689BFA9B1E52BE0000F1D0AD /* Main.storyboard */ = {
			isa = PBXVariantGroup;
			children = (
				689BFA9C1E52BE0000F1D0AD /* Base */,
			);
			name = Main.storyboard;
			sourceTree = "<group>";
		};
		689BFAA01E52BE0000F1D0AD /* LaunchScreen.storyboard */ = {
			isa = PBXVariantGroup;
			children = (
				689BFAA11E52BE0000F1D0AD /* Base */,
			);
			name = LaunchScreen.storyboard;
			sourceTree = "<group>";
		};
/* End PBXVariantGroup section */

/* Begin XCBuildConfiguration section */
		689BFABA1E52BE0000F1D0AD /* Debug */ = {
			isa = XCBuildConfiguration;
			buildSettings = {
				ALWAYS_SEARCH_USER_PATHS = NO;
				CLANG_ANALYZER_NONNULL = YES;
				CLANG_CXX_LANGUAGE_STANDARD = "gnu++0x";
				CLANG_CXX_LIBRARY = "libc++";
				CLANG_ENABLE_MODULES = YES;
				CLANG_ENABLE_OBJC_ARC = YES;
				CLANG_WARN_BOOL_CONVERSION = YES;
				CLANG_WARN_CONSTANT_CONVERSION = YES;
				CLANG_WARN_DIRECT_OBJC_ISA_USAGE = YES_ERROR;
				CLANG_WARN_EMPTY_BODY = YES;
				CLANG_WARN_ENUM_CONVERSION = YES;
				CLANG_WARN_INT_CONVERSION = YES;
				CLANG_WARN_OBJC_ROOT_CLASS = YES_ERROR;
				CLANG_WARN_UNREACHABLE_CODE = YES;
				CLANG_WARN__DUPLICATE_METHOD_MATCH = YES;
				"CODE_SIGN_IDENTITY[sdk=iphoneos*]" = "iPhone Developer";
				COPY_PHASE_STRIP = NO;
				DEBUG_INFORMATION_FORMAT = dwarf;
				ENABLE_STRICT_OBJC_MSGSEND = YES;
				ENABLE_TESTABILITY = YES;
				GCC_C_LANGUAGE_STANDARD = gnu99;
				GCC_DYNAMIC_NO_PIC = NO;
				GCC_NO_COMMON_BLOCKS = YES;
				GCC_OPTIMIZATION_LEVEL = 0;
				GCC_PREPROCESSOR_DEFINITIONS = (
					"DEBUG=1",
					"$(inherited)",
				);
				GCC_WARN_64_TO_32_BIT_CONVERSION = YES;
				GCC_WARN_ABOUT_RETURN_TYPE = YES_ERROR;
				GCC_WARN_UNDECLARED_SELECTOR = YES;
				GCC_WARN_UNINITIALIZED_AUTOS = YES_AGGRESSIVE;
				GCC_WARN_UNUSED_FUNCTION = YES;
				GCC_WARN_UNUSED_VARIABLE = YES;
				IPHONEOS_DEPLOYMENT_TARGET = 9.3;
				MTL_ENABLE_DEBUG_INFO = YES;
				ONLY_ACTIVE_ARCH = YES;
				SDKROOT = iphoneos;
			};
			name = Debug;
		};
		689BFABB1E52BE0000F1D0AD /* Release */ = {
			isa = XCBuildConfiguration;
			buildSettings = {
				ALWAYS_SEARCH_USER_PATHS = NO;
				CLANG_ANALYZER_NONNULL = YES;
				CLANG_CXX_LANGUAGE_STANDARD = "gnu++0x";
				CLANG_CXX_LIBRARY = "libc++";
				CLANG_ENABLE_MODULES = YES;
				CLANG_ENABLE_OBJC_ARC = YES;
				CLANG_WARN_BOOL_CONVERSION = YES;
				CLANG_WARN_CONSTANT_CONVERSION = YES;
				CLANG_WARN_DIRECT_OBJC_ISA_USAGE = YES_ERROR;
				CLANG_WARN_EMPTY_BODY = YES;
				CLANG_WARN_ENUM_CONVERSION = YES;
				CLANG_WARN_INT_CONVERSION = YES;
				CLANG_WARN_OBJC_ROOT_CLASS = YES_ERROR;
				CLANG_WARN_UNREACHABLE_CODE = YES;
				CLANG_WARN__DUPLICATE_METHOD_MATCH = YES;
				"CODE_SIGN_IDENTITY[sdk=iphoneos*]" = "iPhone Developer";
				COPY_PHASE_STRIP = NO;
				DEBUG_INFORMATION_FORMAT = "dwarf-with-dsym";
				ENABLE_NS_ASSERTIONS = NO;
				ENABLE_STRICT_OBJC_MSGSEND = YES;
				GCC_C_LANGUAGE_STANDARD = gnu99;
				GCC_NO_COMMON_BLOCKS = YES;
				GCC_WARN_64_TO_32_BIT_CONVERSION = YES;
				GCC_WARN_ABOUT_RETURN_TYPE = YES_ERROR;
				GCC_WARN_UNDECLARED_SELECTOR = YES;
				GCC_WARN_UNINITIALIZED_AUTOS = YES_AGGRESSIVE;
				GCC_WARN_UNUSED_FUNCTION = YES;
				GCC_WARN_UNUSED_VARIABLE = YES;
				IPHONEOS_DEPLOYMENT_TARGET = 9.3;
				MTL_ENABLE_DEBUG_INFO = NO;
				SDKROOT = iphoneos;
				VALIDATE_PRODUCT = YES;
			};
			name = Release;
		};
		689BFABD1E52BE0000F1D0AD /* Debug */ = {
			isa = XCBuildConfiguration;
			buildSettings = {
				ASSETCATALOG_COMPILER_APPICON_NAME = AppIcon;
				CODE_SIGN_IDENTITY = "iPhone Developer: Jiang Lin Chen (B5KV6854W4)";
				INFOPLIST_FILE = "TouchID-Demo/Info.plist";
				LD_RUNPATH_SEARCH_PATHS = "$(inherited) @executable_path/Frameworks";
				PRODUCT_BUNDLE_IDENTIFIER = "com.BlueCrane.TouchID-Demo";
				PRODUCT_NAME = "$(TARGET_NAME)";
				PROVISIONING_PROFILE = "bafaf529-637f-4fea-8c1e-0b6197f00690";
			};
			name = Debug;
		};
		689BFABE1E52BE0000F1D0AD /* Release */ = {
			isa = XCBuildConfiguration;
			buildSettings = {
				ASSETCATALOG_COMPILER_APPICON_NAME = AppIcon;
				CODE_SIGN_IDENTITY = "iPhone Developer: Jiang Lin Chen (B5KV6854W4)";
				INFOPLIST_FILE = "TouchID-Demo/Info.plist";
				LD_RUNPATH_SEARCH_PATHS = "$(inherited) @executable_path/Frameworks";
				PRODUCT_BUNDLE_IDENTIFIER = "com.BlueCrane.TouchID-Demo";
				PRODUCT_NAME = "$(TARGET_NAME)";
				PROVISIONING_PROFILE = "bafaf529-637f-4fea-8c1e-0b6197f00690";
			};
			name = Release;
		};
		689BFAC01E52BE0000F1D0AD /* Debug */ = {
			isa = XCBuildConfiguration;
			buildSettings = {
				BUNDLE_LOADER = "$(TEST_HOST)";
				INFOPLIST_FILE = "TouchID-DemoTests/Info.plist";
				LD_RUNPATH_SEARCH_PATHS = "$(inherited) @executable_path/Frameworks @loader_path/Frameworks";
				PRODUCT_BUNDLE_IDENTIFIER = "com.BlueCrane.TouchID-DemoTests";
				PRODUCT_NAME = "$(TARGET_NAME)";
				TEST_HOST = "$(BUILT_PRODUCTS_DIR)/TouchID-Demo.app/TouchID-Demo";
			};
			name = Debug;
		};
		689BFAC11E52BE0000F1D0AD /* Release */ = {
			isa = XCBuildConfiguration;
			buildSettings = {
				BUNDLE_LOADER = "$(TEST_HOST)";
				INFOPLIST_FILE = "TouchID-DemoTests/Info.plist";
				LD_RUNPATH_SEARCH_PATHS = "$(inherited) @executable_path/Frameworks @loader_path/Frameworks";
				PRODUCT_BUNDLE_IDENTIFIER = "com.BlueCrane.TouchID-DemoTests";
				PRODUCT_NAME = "$(TARGET_NAME)";
				TEST_HOST = "$(BUILT_PRODUCTS_DIR)/TouchID-Demo.app/TouchID-Demo";
			};
			name = Release;
		};
		689BFAC31E52BE0000F1D0AD /* Debug */ = {
			isa = XCBuildConfiguration;
			buildSettings = {
				INFOPLIST_FILE = "TouchID-DemoUITests/Info.plist";
				LD_RUNPATH_SEARCH_PATHS = "$(inherited) @executable_path/Frameworks @loader_path/Frameworks";
				PRODUCT_BUNDLE_IDENTIFIER = "com.BlueCrane.TouchID-DemoUITests";
				PRODUCT_NAME = "$(TARGET_NAME)";
				TEST_TARGET_NAME = "TouchID-Demo";
			};
			name = Debug;
		};
		689BFAC41E52BE0000F1D0AD /* Release */ = {
			isa = XCBuildConfiguration;
			buildSettings = {
				INFOPLIST_FILE = "TouchID-DemoUITests/Info.plist";
				LD_RUNPATH_SEARCH_PATHS = "$(inherited) @executable_path/Frameworks @loader_path/Frameworks";
				PRODUCT_BUNDLE_IDENTIFIER = "com.BlueCrane.TouchID-DemoUITests";
				PRODUCT_NAME = "$(TARGET_NAME)";
				TEST_TARGET_NAME = "TouchID-Demo";
			};
			name = Release;
		};
/* End XCBuildConfiguration section */

/* Begin XCConfigurationList section */
		689BFA8A1E52BE0000F1D0AD /* Build configuration list for PBXProject "TouchID-Demo" */ = {
			isa = XCConfigurationList;
			buildConfigurations = (
				689BFABA1E52BE0000F1D0AD /* Debug */,
				689BFABB1E52BE0000F1D0AD /* Release */,
			);
			defaultConfigurationIsVisible = 0;
			defaultConfigurationName = Release;
		};
		689BFABC1E52BE0000F1D0AD /* Build configuration list for PBXNativeTarget "TouchID-Demo" */ = {
			isa = XCConfigurationList;
			buildConfigurations = (
				689BFABD1E52BE0000F1D0AD /* Debug */,
				689BFABE1E52BE0000F1D0AD /* Release */,
			);
			defaultConfigurationIsVisible = 0;
		};
		689BFABF1E52BE0000F1D0AD /* Build configuration list for PBXNativeTarget "TouchID-DemoTests" */ = {
			isa = XCConfigurationList;
			buildConfigurations = (
				689BFAC01E52BE0000F1D0AD /* Debug */,
				689BFAC11E52BE0000F1D0AD /* Release */,
			);
			defaultConfigurationIsVisible = 0;
		};
		689BFAC21E52BE0000F1D0AD /* Build configuration list for PBXNativeTarget "TouchID-DemoUITests" */ = {
			isa = XCConfigurationList;
			buildConfigurations = (
				689BFAC31E52BE0000F1D0AD /* Debug */,
				689BFAC41E52BE0000F1D0AD /* Release */,
			);
			defaultConfigurationIsVisible = 0;
		};
/* End XCConfigurationList section */
	};
	rootObject = 689BFA871E52BE0000F1D0AD /* Project object */;
}
